{
  "requires": true,
  "lockfileVersion": 1,
  "dependencies": {
    "react-image-crop": {
      "version": "4.0.2",
      "resolved": "https://registry.npmjs.org/react-image-crop/-/react-image-crop-4.0.2.tgz",
      "integrity": "sha512-0lLs3Cm5SYP2d2M8XKcbpV6SxZkH0T/lIEJjq2XZUIHAj5aJi2WEy47MmzWy7SLWQjR+zQStyTXMIBUr895V3g=="
    }
  }
}
